
Microsoft Visual Studio Solution File, Format Version 12.00
# Visual Studio Version 16
VisualStudioVersion = 16.0.32228.343
MinimumVisualStudioVersion = 10.0.40219.1
Project("{FAE04EC0-301F-11D3-BF4B-00C04F79EFBC}") = "Regex.one", "Regex.one\Regex.one.csproj", "{A0AE7CAD-7124-4D06-8645-5A0546BDFE51}"
EndProject
Global
	GlobalSection(SolutionConfigurationPlatforms) = preSolution
		Debug|Any CPU = Debug|Any CPU
		Release|Any CPU = Release|Any CPU
	EndGlobalSection
	GlobalSection(ProjectConfigurationPlatforms) = postSolution
		{A0AE7CAD-7124-4D06-8645-5A0546BDFE51}.Debug|Any CPU.ActiveCfg = Debug|Any CPU
		{A0AE7CAD-7124-4D06-8645-5A0546BDFE51}.Debug|Any CPU.Build.0 = Debug|Any CPU
		{A0AE7CAD-7124-4D06-8645-5A0546BDFE51}.Release|Any CPU.ActiveCfg = Release|Any CPU
		{A0AE7CAD-7124-4D06-8645-5A0546BDFE51}.Release|Any CPU.Build.0 = Release|Any CPU
	EndGlobalSection
	GlobalSection(SolutionProperties) = preSolution
		HideSolutionNode = FALSE
	EndGlobalSection
	GlobalSection(ExtensibilityGlobals) = postSolution
		SolutionGuid = {83CDCDFB-1E4B-4613-BF0C-5F3504A9538D}
	EndGlobalSection
EndGlobal
